// !$*UTF8*$!
{
	archiveVersion = 1;
	classes = {
	};
	objectVersion = 46;
	objects = {

/* Begin PBXBuildFile section */
		491972031527CB1200FDB1E2 /* FBDialog.bundle in Resources */ = {isa = PBXBuildFile; fileRef = 491971F61527CB1200FDB1E2 /* FBDialog.bundle */; };
		491972041527CB1200FDB1E2 /* libfacebook_ios_sdk.a in Frameworks */ = {isa = PBXBuildFile; fileRef = 491971FC1527CB1200FDB1E2 /* libfacebook_ios_sdk.a */; };
		491D1DEF151D3697001F11AC /* LoginViewController.m in Sources */ = {isa = PBXBuildFile; fileRef = 491D1DEE151D3697001F11AC /* LoginViewController.m */; };
		491D1DF5151D3FB9001F11AC /* logo.png in Resources */ = {isa = PBXBuildFile; fileRef = 491D1DF3151D3FB9001F11AC /* logo.png */; };
		491D1DF6151D3FB9001F11AC /* SplashFinal.jpg in Resources */ = {isa = PBXBuildFile; fileRef = 491D1DF4151D3FB9001F11AC /* SplashFinal.jpg */; };
		492C78A3151BE67C00CFC087 /* star-blue256.png in Resources */ = {isa = PBXBuildFile; fileRef = 492C789F151BE67C00CFC087 /* star-blue256.png */; };
		492C78A4151BE67C00CFC087 /* star-gold256.png in Resources */ = {isa = PBXBuildFile; fileRef = 492C78A0151BE67C00CFC087 /* star-gold256.png */; };
		492C78A5151BE67C00CFC087 /* star-red256.png in Resources */ = {isa = PBXBuildFile; fileRef = 492C78A1151BE67C00CFC087 /* star-red256.png */; };
		492C78A6151BE67C00CFC087 /* star-white256.png in Resources */ = {isa = PBXBuildFile; fileRef = 492C78A2151BE67C00CFC087 /* star-white256.png */; };
		492F6EB815228292007B73C9 /* VisualizeViewController.m in Sources */ = {isa = PBXBuildFile; fileRef = 492F6EB715228292007B73C9 /* VisualizeViewController.m */; };
		49347F8E151FBA7500EB705B /* apprentice.png in Resources */ = {isa = PBXBuildFile; fileRef = 49347F8D151FBA7500EB705B /* apprentice.png */; };
		496E5E40151D93F60041123E /* NoteViewController.m in Sources */ = {isa = PBXBuildFile; fileRef = 496E5E3F151D93F60041123E /* NoteViewController.m */; };
		49C28FBC151965B400AD1396 /* UIKit.framework in Frameworks */ = {isa = PBXBuildFile; fileRef = 49C28FBB151965B400AD1396 /* UIKit.framework */; };
		49C28FBE151965B400AD1396 /* Foundation.framework in Frameworks */ = {isa = PBXBuildFile; fileRef = 49C28FBD151965B400AD1396 /* Foundation.framework */; };
		49C28FC0151965B400AD1396 /* CoreGraphics.framework in Frameworks */ = {isa = PBXBuildFile; fileRef = 49C28FBF151965B400AD1396 /* CoreGraphics.framework */; };
		49C28FC6151965B500AD1396 /* InfoPlist.strings in Resources */ = {isa = PBXBuildFile; fileRef = 49C28FC4151965B500AD1396 /* InfoPlist.strings */; };
		49C28FC8151965B500AD1396 /* main.m in Sources */ = {isa = PBXBuildFile; fileRef = 49C28FC7151965B500AD1396 /* main.m */; };
		49C28FCC151965B500AD1396 /* AppDelegate.m in Sources */ = {isa = PBXBuildFile; fileRef = 49C28FCB151965B500AD1396 /* AppDelegate.m */; };
		49C28FCF151965B600AD1396 /* MainStoryboard_iPhone.storyboard in Resources */ = {isa = PBXBuildFile; fileRef = 49C28FCD151965B600AD1396 /* MainStoryboard_iPhone.storyboard */; };
		49C28FD2151965B600AD1396 /* MainStoryboard_iPad.storyboard in Resources */ = {isa = PBXBuildFile; fileRef = 49C28FD0151965B600AD1396 /* MainStoryboard_iPad.storyboard */; };
		49C28FD5151965B600AD1396 /* MainViewController.m in Sources */ = {isa = PBXBuildFile; fileRef = 49C28FD4151965B600AD1396 /* MainViewController.m */; };
		49C28FD8151965B600AD1396 /* FlipsideViewController.m in Sources */ = {isa = PBXBuildFile; fileRef = 49C28FD7151965B600AD1396 /* FlipsideViewController.m */; };
		49C28FE0151971DD00AD1396 /* Trait.m in Sources */ = {isa = PBXBuildFile; fileRef = 49C28FDF151971DD00AD1396 /* Trait.m */; };
		49C28FE4151971F600AD1396 /* Entry.m in Sources */ = {isa = PBXBuildFile; fileRef = 49C28FE3151971F600AD1396 /* Entry.m */; };
		49F024D6151B93220064F243 /* RatingViewController.m in Sources */ = {isa = PBXBuildFile; fileRef = 49F024D4151B93220064F243 /* RatingViewController.m */; };
		49F02557151BAE280064F243 /* Approval.png in Resources */ = {isa = PBXBuildFile; fileRef = 49F02543151BAE280064F243 /* Approval.png */; };
		49F02558151BAE280064F243 /* Attentiveness.png in Resources */ = {isa = PBXBuildFile; fileRef = 49F02544151BAE280064F243 /* Attentiveness.png */; };
		49F02559151BAE280064F243 /* Communication.png in Resources */ = {isa = PBXBuildFile; fileRef = 49F02545151BAE280064F243 /* Communication.png */; };
		49F0255A151BAE280064F243 /* Confidence.png in Resources */ = {isa = PBXBuildFile; fileRef = 49F02546151BAE280064F243 /* Confidence.png */; };
		49F0255B151BAE280064F243 /* Contentment.png in Resources */ = {isa = PBXBuildFile; fileRef = 49F02547151BAE280064F243 /* Contentment.png */; };
		49F0255C151BAE280064F243 /* Forgiveness.png in Resources */ = {isa = PBXBuildFile; fileRef = 49F02548151BAE280064F243 /* Forgiveness.png */; };
		49F0255D151BAE280064F243 /* Happiness.png in Resources */ = {isa = PBXBuildFile; fileRef = 49F02549151BAE280064F243 /* Happiness.png */; };
		49F0255E151BAE280064F243 /* Health:Excercise.png in Resources */ = {isa = PBXBuildFile; fileRef = 49F0254A151BAE280064F243 /* Health:Excercise.png */; };
		49F0255F151BAE280064F243 /* Healthy Eating.png in Resources */ = {isa = PBXBuildFile; fileRef = 49F0254B151BAE280064F243 /* Healthy Eating.png */; };
		49F02560151BAE280064F243 /* Honesty.png in Resources */ = {isa = PBXBuildFile; fileRef = 49F0254C151BAE280064F243 /* Honesty.png */; };
		49F02561151BAE280064F243 /* Kindness.png in Resources */ = {isa = PBXBuildFile; fileRef = 49F0254D151BAE280064F243 /* Kindness.png */; };
		49F02562151BAE280064F243 /* Laziness.png in Resources */ = {isa = PBXBuildFile; fileRef = 49F0254E151BAE280064F243 /* Laziness.png */; };
		49F02563151BAE280064F243 /* Open Mindedness.png in Resources */ = {isa = PBXBuildFile; fileRef = 49F0254F151BAE280064F243 /* Open Mindedness.png */; };
		49F02564151BAE280064F243 /* Patience.png in Resources */ = {isa = PBXBuildFile; fileRef = 49F02550151BAE280064F243 /* Patience.png */; };
		49F02565151BAE280064F243 /* Positivity:Negativity.png in Resources */ = {isa = PBXBuildFile; fileRef = 49F02551151BAE280064F243 /* Positivity:Negativity.png */; };
		49F02566151BAE280064F243 /* Self Control.png in Resources */ = {isa = PBXBuildFile; fileRef = 49F02552151BAE280064F243 /* Self Control.png */; };
		49F02567151BAE280064F243 /* Sensitivity:Compassion.png in Resources */ = {isa = PBXBuildFile; fileRef = 49F02553151BAE280064F243 /* Sensitivity:Compassion.png */; };
		49F02568151BAE280064F243 /* Stress Management.png in Resources */ = {isa = PBXBuildFile; fileRef = 49F02554151BAE280064F243 /* Stress Management.png */; };
		49F02569151BAE280064F243 /* Time Management.png in Resources */ = {isa = PBXBuildFile; fileRef = 49F02555151BAE280064F243 /* Time Management.png */; };
		49F0256A151BAE280064F243 /* Worry.png in Resources */ = {isa = PBXBuildFile; fileRef = 49F02556151BAE280064F243 /* Worry.png */; };
		49F0256C151BB3CB0064F243 /* traits.plist in Resources */ = {isa = PBXBuildFile; fileRef = 49F0256B151BB3CB0064F243 /* traits.plist */; };
/* End PBXBuildFile section */

/* Begin PBXFileReference section */
		491971F41527CB1200FDB1E2 /* Facebook.h */ = {isa = PBXFileReference; fileEncoding = 4; lastKnownFileType = sourcecode.c.h; path = Facebook.h; sourceTree = "<group>"; };
		491971F51527CB1200FDB1E2 /* FBConnect.h */ = {isa = PBXFileReference; fileEncoding = 4; lastKnownFileType = sourcecode.c.h; path = FBConnect.h; sourceTree = "<group>"; };
		491971F61527CB1200FDB1E2 /* FBDialog.bundle */ = {isa = PBXFileReference; lastKnownFileType = "wrapper.plug-in"; path = FBDialog.bundle; sourceTree = "<group>"; };
		491971F71527CB1200FDB1E2 /* FBDialog.h */ = {isa = PBXFileReference; fileEncoding = 4; lastKnownFileType = sourcecode.c.h; path = FBDialog.h; sourceTree = "<group>"; };
		491971F81527CB1200FDB1E2 /* FBFrictionlessRequestSettings.h */ = {isa = PBXFileReference; fileEncoding = 4; lastKnownFileType = sourcecode.c.h; path = FBFrictionlessRequestSettings.h; sourceTree = "<group>"; };
		491971F91527CB1200FDB1E2 /* FBLoginDialog.h */ = {isa = PBXFileReference; fileEncoding = 4; lastKnownFileType = sourcecode.c.h; path = FBLoginDialog.h; sourceTree = "<group>"; };
		491971FA1527CB1200FDB1E2 /* FBRequest.h */ = {isa = PBXFileReference; fileEncoding = 4; lastKnownFileType = sourcecode.c.h; path = FBRequest.h; sourceTree = "<group>"; };
		491971FB1527CB1200FDB1E2 /* JSON.h */ = {isa = PBXFileReference; fileEncoding = 4; lastKnownFileType = sourcecode.c.h; path = JSON.h; sourceTree = "<group>"; };
		491971FC1527CB1200FDB1E2 /* libfacebook_ios_sdk.a */ = {isa = PBXFileReference; lastKnownFileType = archive.ar; path = libfacebook_ios_sdk.a; sourceTree = "<group>"; };
		491971FD1527CB1200FDB1E2 /* NSObject+SBJSON.h */ = {isa = PBXFileReference; fileEncoding = 4; lastKnownFileType = sourcecode.c.h; path = "NSObject+SBJSON.h"; sourceTree = "<group>"; };
		491971FE1527CB1200FDB1E2 /* NSString+SBJSON.h */ = {isa = PBXFileReference; fileEncoding = 4; lastKnownFileType = sourcecode.c.h; path = "NSString+SBJSON.h"; sourceTree = "<group>"; };
		491971FF1527CB1200FDB1E2 /* SBJSON.h */ = {isa = PBXFileReference; fileEncoding = 4; lastKnownFileType = sourcecode.c.h; path = SBJSON.h; sourceTree = "<group>"; };
		491972001527CB1200FDB1E2 /* SBJsonBase.h */ = {isa = PBXFileReference; fileEncoding = 4; lastKnownFileType = sourcecode.c.h; path = SBJsonBase.h; sourceTree = "<group>"; };
		491972011527CB1200FDB1E2 /* SBJsonParser.h */ = {isa = PBXFileReference; fileEncoding = 4; lastKnownFileType = sourcecode.c.h; path = SBJsonParser.h; sourceTree = "<group>"; };
		491972021527CB1200FDB1E2 /* SBJsonWriter.h */ = {isa = PBXFileReference; fileEncoding = 4; lastKnownFileType = sourcecode.c.h; path = SBJsonWriter.h; sourceTree = "<group>"; };
		491D1DED151D3697001F11AC /* LoginViewController.h */ = {isa = PBXFileReference; fileEncoding = 4; lastKnownFileType = sourcecode.c.h; path = LoginViewController.h; sourceTree = "<group>"; };
		491D1DEE151D3697001F11AC /* LoginViewController.m */ = {isa = PBXFileReference; fileEncoding = 4; lastKnownFileType = sourcecode.c.objc; path = LoginViewController.m; sourceTree = "<group>"; };
		491D1DF3151D3FB9001F11AC /* logo.png */ = {isa = PBXFileReference; lastKnownFileType = image.png; path = logo.png; sourceTree = "<group>"; };
		491D1DF4151D3FB9001F11AC /* SplashFinal.jpg */ = {isa = PBXFileReference; lastKnownFileType = image.jpeg; path = SplashFinal.jpg; sourceTree = "<group>"; };
		492C789F151BE67C00CFC087 /* star-blue256.png */ = {isa = PBXFileReference; lastKnownFileType = image.png; path = "star-blue256.png"; sourceTree = "<group>"; };
		492C78A0151BE67C00CFC087 /* star-gold256.png */ = {isa = PBXFileReference; lastKnownFileType = image.png; path = "star-gold256.png"; sourceTree = "<group>"; };
		492C78A1151BE67C00CFC087 /* star-red256.png */ = {isa = PBXFileReference; lastKnownFileType = image.png; path = "star-red256.png"; sourceTree = "<group>"; };
		492C78A2151BE67C00CFC087 /* star-white256.png */ = {isa = PBXFileReference; lastKnownFileType = image.png; path = "star-white256.png"; sourceTree = "<group>"; };
		492F6EB615228292007B73C9 /* VisualizeViewController.h */ = {isa = PBXFileReference; fileEncoding = 4; lastKnownFileType = sourcecode.c.h; path = VisualizeViewController.h; sourceTree = "<group>"; };
		492F6EB715228292007B73C9 /* VisualizeViewController.m */ = {isa = PBXFileReference; fileEncoding = 4; lastKnownFileType = sourcecode.c.objc; path = VisualizeViewController.m; sourceTree = "<group>"; };
		49347F8D151FBA7500EB705B /* apprentice.png */ = {isa = PBXFileReference; lastKnownFileType = image.png; path = apprentice.png; sourceTree = "<group>"; };
		496E5E3E151D93F60041123E /* NoteViewController.h */ = {isa = PBXFileReference; fileEncoding = 4; lastKnownFileType = sourcecode.c.h; path = NoteViewController.h; sourceTree = "<group>"; };
		496E5E3F151D93F60041123E /* NoteViewController.m */ = {isa = PBXFileReference; fileEncoding = 4; lastKnownFileType = sourcecode.c.objc; path = NoteViewController.m; sourceTree = "<group>"; };
		49C28FB7151965B400AD1396 /* Mobile Mentch.app */ = {isa = PBXFileReference; explicitFileType = wrapper.application; includeInIndex = 0; path = "Mobile Mentch.app"; sourceTree = BUILT_PRODUCTS_DIR; };
		49C28FBB151965B400AD1396 /* UIKit.framework */ = {isa = PBXFileReference; lastKnownFileType = wrapper.framework; name = UIKit.framework; path = System/Library/Frameworks/UIKit.framework; sourceTree = SDKROOT; };
		49C28FBD151965B400AD1396 /* Foundation.framework */ = {isa = PBXFileReference; lastKnownFileType = wrapper.framework; name = Foundation.framework; path = System/Library/Frameworks/Foundation.framework; sourceTree = SDKROOT; };
		49C28FBF151965B400AD1396 /* CoreGraphics.framework */ = {isa = PBXFileReference; lastKnownFileType = wrapper.framework; name = CoreGraphics.framework; path = System/Library/Frameworks/CoreGraphics.framework; sourceTree = SDKROOT; };
		49C28FC3151965B400AD1396 /* Mobile Mentch-Info.plist */ = {isa = PBXFileReference; lastKnownFileType = text.plist.xml; path = "Mobile Mentch-Info.plist"; sourceTree = "<group>"; };
		49C28FC5151965B500AD1396 /* en */ = {isa = PBXFileReference; lastKnownFileType = text.plist.strings; name = en; path = en.lproj/InfoPlist.strings; sourceTree = "<group>"; };
		49C28FC7151965B500AD1396 /* main.m */ = {isa = PBXFileReference; lastKnownFileType = sourcecode.c.objc; path = main.m; sourceTree = "<group>"; };
		49C28FC9151965B500AD1396 /* Mobile Mentch-Prefix.pch */ = {isa = PBXFileReference; lastKnownFileType = sourcecode.c.h; path = "Mobile Mentch-Prefix.pch"; sourceTree = "<group>"; };
		49C28FCA151965B500AD1396 /* AppDelegate.h */ = {isa = PBXFileReference; lastKnownFileType = sourcecode.c.h; path = AppDelegate.h; sourceTree = "<group>"; };
		49C28FCB151965B500AD1396 /* AppDelegate.m */ = {isa = PBXFileReference; lastKnownFileType = sourcecode.c.objc; path = AppDelegate.m; sourceTree = "<group>"; };
		49C28FCE151965B600AD1396 /* en */ = {isa = PBXFileReference; lastKnownFileType = file.storyboard; name = en; path = en.lproj/MainStoryboard_iPhone.storyboard; sourceTree = "<group>"; };
		49C28FD1151965B600AD1396 /* en */ = {isa = PBXFileReference; lastKnownFileType = file.storyboard; name = en; path = en.lproj/MainStoryboard_iPad.storyboard; sourceTree = "<group>"; };
		49C28FD3151965B600AD1396 /* MainViewController.h */ = {isa = PBXFileReference; lastKnownFileType = sourcecode.c.h; path = MainViewController.h; sourceTree = "<group>"; };
		49C28FD4151965B600AD1396 /* MainViewController.m */ = {isa = PBXFileReference; lastKnownFileType = sourcecode.c.objc; path = MainViewController.m; sourceTree = "<group>"; };
		49C28FD6151965B600AD1396 /* FlipsideViewController.h */ = {isa = PBXFileReference; lastKnownFileType = sourcecode.c.h; path = FlipsideViewController.h; sourceTree = "<group>"; };
		49C28FD7151965B600AD1396 /* FlipsideViewController.m */ = {isa = PBXFileReference; lastKnownFileType = sourcecode.c.objc; path = FlipsideViewController.m; sourceTree = "<group>"; };
		49C28FDE151971DD00AD1396 /* Trait.h */ = {isa = PBXFileReference; fileEncoding = 4; lastKnownFileType = sourcecode.c.h; path = Trait.h; sourceTree = "<group>"; };
		49C28FDF151971DD00AD1396 /* Trait.m */ = {isa = PBXFileReference; fileEncoding = 4; lastKnownFileType = sourcecode.c.objc; path = Trait.m; sourceTree = "<group>"; };
		49C28FE2151971F600AD1396 /* Entry.h */ = {isa = PBXFileReference; fileEncoding = 4; lastKnownFileType = sourcecode.c.h; path = Entry.h; sourceTree = "<group>"; };
		49C28FE3151971F600AD1396 /* Entry.m */ = {isa = PBXFileReference; fileEncoding = 4; lastKnownFileType = sourcecode.c.objc; path = Entry.m; sourceTree = "<group>"; };
		49F024D3151B93220064F243 /* RatingViewController.h */ = {isa = PBXFileReference; fileEncoding = 4; lastKnownFileType = sourcecode.c.h; path = RatingViewController.h; sourceTree = "<group>"; };
		49F024D4151B93220064F243 /* RatingViewController.m */ = {isa = PBXFileReference; fileEncoding = 4; lastKnownFileType = sourcecode.c.objc; path = RatingViewController.m; sourceTree = "<group>"; };
		49F02543151BAE280064F243 /* Approval.png */ = {isa = PBXFileReference; lastKnownFileType = image.png; path = Approval.png; sourceTree = "<group>"; };
		49F02544151BAE280064F243 /* Attentiveness.png */ = {isa = PBXFileReference; lastKnownFileType = image.png; path = Attentiveness.png; sourceTree = "<group>"; };
		49F02545151BAE280064F243 /* Communication.png */ = {isa = PBXFileReference; lastKnownFileType = image.png; path = Communication.png; sourceTree = "<group>"; };
		49F02546151BAE280064F243 /* Confidence.png */ = {isa = PBXFileReference; lastKnownFileType = image.png; path = Confidence.png; sourceTree = "<group>"; };
		49F02547151BAE280064F243 /* Contentment.png */ = {isa = PBXFileReference; lastKnownFileType = image.png; path = Contentment.png; sourceTree = "<group>"; };
		49F02548151BAE280064F243 /* Forgiveness.png */ = {isa = PBXFileReference; lastKnownFileType = image.png; path = Forgiveness.png; sourceTree = "<group>"; };
		49F02549151BAE280064F243 /* Happiness.png */ = {isa = PBXFileReference; lastKnownFileType = image.png; path = Happiness.png; sourceTree = "<group>"; };
		49F0254A151BAE280064F243 /* Health:Excercise.png */ = {isa = PBXFileReference; lastKnownFileType = image.png; path = "Health:Excercise.png"; sourceTree = "<group>"; };
		49F0254B151BAE280064F243 /* Healthy Eating.png */ = {isa = PBXFileReference; lastKnownFileType = image.png; path = "Healthy Eating.png"; sourceTree = "<group>"; };
		49F0254C151BAE280064F243 /* Honesty.png */ = {isa = PBXFileReference; lastKnownFileType = image.png; path = Honesty.png; sourceTree = "<group>"; };
		49F0254D151BAE280064F243 /* Kindness.png */ = {isa = PBXFileReference; lastKnownFileType = image.png; path = Kindness.png; sourceTree = "<group>"; };
		49F0254E151BAE280064F243 /* Laziness.png */ = {isa = PBXFileReference; lastKnownFileType = image.png; path = Laziness.png; sourceTree = "<group>"; };
		49F0254F151BAE280064F243 /* Open Mindedness.png */ = {isa = PBXFileReference; lastKnownFileType = image.png; path = "Open Mindedness.png"; sourceTree = "<group>"; };
		49F02550151BAE280064F243 /* Patience.png */ = {isa = PBXFileReference; lastKnownFileType = image.png; path = Patience.png; sourceTree = "<group>"; };
		49F02551151BAE280064F243 /* Positivity:Negativity.png */ = {isa = PBXFileReference; lastKnownFileType = image.png; path = "Positivity:Negativity.png"; sourceTree = "<group>"; };
		49F02552151BAE280064F243 /* Self Control.png */ = {isa = PBXFileReference; lastKnownFileType = image.png; path = "Self Control.png"; sourceTree = "<group>"; };
		49F02553151BAE280064F243 /* Sensitivity:Compassion.png */ = {isa = PBXFileReference; lastKnownFileType = image.png; path = "Sensitivity:Compassion.png"; sourceTree = "<group>"; };
		49F02554151BAE280064F243 /* Stress Management.png */ = {isa = PBXFileReference; lastKnownFileType = image.png; path = "Stress Management.png"; sourceTree = "<group>"; };
		49F02555151BAE280064F243 /* Time Management.png */ = {isa = PBXFileReference; lastKnownFileType = image.png; path = "Time Management.png"; sourceTree = "<group>"; };
		49F02556151BAE280064F243 /* Worry.png */ = {isa = PBXFileReference; lastKnownFileType = image.png; path = Worry.png; sourceTree = "<group>"; };
		49F0256B151BB3CB0064F243 /* traits.plist */ = {isa = PBXFileReference; fileEncoding = 4; lastKnownFileType = text.plist.xml; path = traits.plist; sourceTree = "<group>"; };
/* End PBXFileReference section */

/* Begin PBXFrameworksBuildPhase section */
		49C28FB4151965B400AD1396 /* Frameworks */ = {
			isa = PBXFrameworksBuildPhase;
			buildActionMask = 2147483647;
			files = (
				49C28FBC151965B400AD1396 /* UIKit.framework in Frameworks */,
				49C28FBE151965B400AD1396 /* Foundation.framework in Frameworks */,
				49C28FC0151965B400AD1396 /* CoreGraphics.framework in Frameworks */,
				491972041527CB1200FDB1E2 /* libfacebook_ios_sdk.a in Frameworks */,
			);
			runOnlyForDeploymentPostprocessing = 0;
		};
/* End PBXFrameworksBuildPhase section */

/* Begin PBXGroup section */
		491971F31527CB1200FDB1E2 /* facebook-ios-sdk */ = {
			isa = PBXGroup;
			children = (
				491971F41527CB1200FDB1E2 /* Facebook.h */,
				491971F51527CB1200FDB1E2 /* FBConnect.h */,
				491971F61527CB1200FDB1E2 /* FBDialog.bundle */,
				491971F71527CB1200FDB1E2 /* FBDialog.h */,
				491971F81527CB1200FDB1E2 /* FBFrictionlessRequestSettings.h */,
				491971F91527CB1200FDB1E2 /* FBLoginDialog.h */,
				491971FA1527CB1200FDB1E2 /* FBRequest.h */,
				491971FB1527CB1200FDB1E2 /* JSON.h */,
				491971FC1527CB1200FDB1E2 /* libfacebook_ios_sdk.a */,
				491971FD1527CB1200FDB1E2 /* NSObject+SBJSON.h */,
				491971FE1527CB1200FDB1E2 /* NSString+SBJSON.h */,
				491971FF1527CB1200FDB1E2 /* SBJSON.h */,
				491972001527CB1200FDB1E2 /* SBJsonBase.h */,
				491972011527CB1200FDB1E2 /* SBJsonParser.h */,
				491972021527CB1200FDB1E2 /* SBJsonWriter.h */,
			);
			path = "facebook-ios-sdk";
			sourceTree = "<group>";
		};
		491D1DF1151D3F9E001F11AC /* traits */ = {
			isa = PBXGroup;
			children = (
				49F02543151BAE280064F243 /* Approval.png */,
				49F02544151BAE280064F243 /* Attentiveness.png */,
				49F02545151BAE280064F243 /* Communication.png */,
				49F02546151BAE280064F243 /* Confidence.png */,
				49F02547151BAE280064F243 /* Contentment.png */,
				49F02548151BAE280064F243 /* Forgiveness.png */,
				49F02549151BAE280064F243 /* Happiness.png */,
				49F0254A151BAE280064F243 /* Health:Excercise.png */,
				49F0254B151BAE280064F243 /* Healthy Eating.png */,
				49F0254C151BAE280064F243 /* Honesty.png */,
				49F0254D151BAE280064F243 /* Kindness.png */,
				49F0254E151BAE280064F243 /* Laziness.png */,
				49F0254F151BAE280064F243 /* Open Mindedness.png */,
				49F02550151BAE280064F243 /* Patience.png */,
				49F02551151BAE280064F243 /* Positivity:Negativity.png */,
				49F02552151BAE280064F243 /* Self Control.png */,
				49F02553151BAE280064F243 /* Sensitivity:Compassion.png */,
				49F02554151BAE280064F243 /* Stress Management.png */,
				49F02555151BAE280064F243 /* Time Management.png */,
				49F02556151BAE280064F243 /* Worry.png */,
			);
			name = traits;
			sourceTree = "<group>";
		};
		491D1DF2151D3FAB001F11AC /* logos */ = {
			isa = PBXGroup;
			children = (
				491D1DF3151D3FB9001F11AC /* logo.png */,
				491D1DF4151D3FB9001F11AC /* SplashFinal.jpg */,
			);
			name = logos;
			sourceTree = "<group>";
		};
		492C789E151BE67C00CFC087 /* stars */ = {
			isa = PBXGroup;
			children = (
				492C789F151BE67C00CFC087 /* star-blue256.png */,
				492C78A0151BE67C00CFC087 /* star-gold256.png */,
				492C78A1151BE67C00CFC087 /* star-red256.png */,
				492C78A2151BE67C00CFC087 /* star-white256.png */,
			);
			path = stars;
			sourceTree = "<group>";
		};
		49347F8C151FBA7500EB705B /* ranks */ = {
			isa = PBXGroup;
			children = (
				49347F8D151FBA7500EB705B /* apprentice.png */,
			);
			path = ranks;
			sourceTree = "<group>";
		};
		49C28FAC151965AB00AD1396 = {
			isa = PBXGroup;
			children = (
				49C28FC1151965B400AD1396 /* Mobile Mentch */,
				49C28FBA151965B400AD1396 /* Frameworks */,
				49C28FB8151965B400AD1396 /* Products */,
			);
			sourceTree = "<group>";
		};
		49C28FB8151965B400AD1396 /* Products */ = {
			isa = PBXGroup;
			children = (
				49C28FB7151965B400AD1396 /* Mobile Mentch.app */,
			);
			name = Products;
			sourceTree = "<group>";
		};
		49C28FBA151965B400AD1396 /* Frameworks */ = {
			isa = PBXGroup;
			children = (
				49C28FBB151965B400AD1396 /* UIKit.framework */,
				49C28FBD151965B400AD1396 /* Foundation.framework */,
				49C28FBF151965B400AD1396 /* CoreGraphics.framework */,
			);
			name = Frameworks;
			sourceTree = "<group>";
		};
		49C28FC1151965B400AD1396 /* Mobile Mentch */ = {
			isa = PBXGroup;
			children = (
				491971F31527CB1200FDB1E2 /* facebook-ios-sdk */,
				49F02542151BAE280064F243 /* images */,
				49C28FCA151965B500AD1396 /* AppDelegate.h */,
				49C28FCB151965B500AD1396 /* AppDelegate.m */,
				49C28FCD151965B600AD1396 /* MainStoryboard_iPhone.storyboard */,
				49C28FD0151965B600AD1396 /* MainStoryboard_iPad.storyboard */,
				49C28FD3151965B600AD1396 /* MainViewController.h */,
				49C28FD4151965B600AD1396 /* MainViewController.m */,
				49F024D3151B93220064F243 /* RatingViewController.h */,
				49F024D4151B93220064F243 /* RatingViewController.m */,
				496E5E3E151D93F60041123E /* NoteViewController.h */,
				496E5E3F151D93F60041123E /* NoteViewController.m */,
				49C28FE1151971E300AD1396 /* Classes */,
				49C28FC2151965B400AD1396 /* Supporting Files */,
				49C28FD6151965B600AD1396 /* FlipsideViewController.h */,
				49C28FD7151965B600AD1396 /* FlipsideViewController.m */,
				491D1DED151D3697001F11AC /* LoginViewController.h */,
				491D1DEE151D3697001F11AC /* LoginViewController.m */,
				492F6EB615228292007B73C9 /* VisualizeViewController.h */,
				492F6EB715228292007B73C9 /* VisualizeViewController.m */,
			);
			path = "Mobile Mentch";
			sourceTree = "<group>";
		};
		49C28FC2151965B400AD1396 /* Supporting Files */ = {
			isa = PBXGroup;
			children = (
				49F0256B151BB3CB0064F243 /* traits.plist */,
				49C28FC3151965B400AD1396 /* Mobile Mentch-Info.plist */,
				49C28FC4151965B500AD1396 /* InfoPlist.strings */,
				49C28FC7151965B500AD1396 /* main.m */,
				49C28FC9151965B500AD1396 /* Mobile Mentch-Prefix.pch */,
			);
			name = "Supporting Files";
			sourceTree = "<group>";
		};
		49C28FE1151971E300AD1396 /* Classes */ = {
			isa = PBXGroup;
			children = (
				49C28FDE151971DD00AD1396 /* Trait.h */,
				49C28FDF151971DD00AD1396 /* Trait.m */,
				49C28FE2151971F600AD1396 /* Entry.h */,
				49C28FE3151971F600AD1396 /* Entry.m */,
			);
			name = Classes;
			sourceTree = "<group>";
		};
		49F02542151BAE280064F243 /* images */ = {
			isa = PBXGroup;
			children = (
				49347F8C151FBA7500EB705B /* ranks */,
				491D1DF2151D3FAB001F11AC /* logos */,
				491D1DF1151D3F9E001F11AC /* traits */,
				492C789E151BE67C00CFC087 /* stars */,
			);
			path = images;
			sourceTree = "<group>";
		};
/* End PBXGroup section */

/* Begin PBXNativeTarget section */
		49C28FB6151965B400AD1396 /* Mobile Mentch */ = {
			isa = PBXNativeTarget;
			buildConfigurationList = 49C28FDB151965B600AD1396 /* Build configuration list for PBXNativeTarget "Mobile Mentch" */;
			buildPhases = (
				49C28FB3151965B400AD1396 /* Sources */,
				49C28FB4151965B400AD1396 /* Frameworks */,
				49C28FB5151965B400AD1396 /* Resources */,
			);
			buildRules = (
			);
			dependencies = (
			);
			name = "Mobile Mentch";
			productName = "Mobile Mentch";
			productReference = 49C28FB7151965B400AD1396 /* Mobile Mentch.app */;
			productType = "com.apple.product-type.application";
		};
/* End PBXNativeTarget section */

/* Begin PBXProject section */
		49C28FAE151965AB00AD1396 /* Project object */ = {
			isa = PBXProject;
			attributes = {
				LastUpgradeCheck = 0430;
			};
			buildConfigurationList = 49C28FB1151965AB00AD1396 /* Build configuration list for PBXProject "Mobile Mentch" */;
			compatibilityVersion = "Xcode 3.2";
			developmentRegion = English;
			hasScannedForEncodings = 0;
			knownRegions = (
				en,
			);
			mainGroup = 49C28FAC151965AB00AD1396;
			productRefGroup = 49C28FB8151965B400AD1396 /* Products */;
			projectDirPath = "";
			projectRoot = "";
			targets = (
				49C28FB6151965B400AD1396 /* Mobile Mentch */,
			);
		};
/* End PBXProject section */

/* Begin PBXResourcesBuildPhase section */
		49C28FB5151965B400AD1396 /* Resources */ = {
			isa = PBXResourcesBuildPhase;
			buildActionMask = 2147483647;
			files = (
				49C28FC6151965B500AD1396 /* InfoPlist.strings in Resources */,
				49C28FCF151965B600AD1396 /* MainStoryboard_iPhone.storyboard in Resources */,
				49C28FD2151965B600AD1396 /* MainStoryboard_iPad.storyboard in Resources */,
				49F02557151BAE280064F243 /* Approval.png in Resources */,
				49F02558151BAE280064F243 /* Attentiveness.png in Resources */,
				49F02559151BAE280064F243 /* Communication.png in Resources */,
				49F0255A151BAE280064F243 /* Confidence.png in Resources */,
				49F0255B151BAE280064F243 /* Contentment.png in Resources */,
				49F0255C151BAE280064F243 /* Forgiveness.png in Resources */,
				49F0255D151BAE280064F243 /* Happiness.png in Resources */,
				49F0255E151BAE280064F243 /* Health:Excercise.png in Resources */,
				49F0255F151BAE280064F243 /* Healthy Eating.png in Resources */,
				49F02560151BAE280064F243 /* Honesty.png in Resources */,
				49F02561151BAE280064F243 /* Kindness.png in Resources */,
				49F02562151BAE280064F243 /* Laziness.png in Resources */,
				49F02563151BAE280064F243 /* Open Mindedness.png in Resources */,
				49F02564151BAE280064F243 /* Patience.png in Resources */,
				49F02565151BAE280064F243 /* Positivity:Negativity.png in Resources */,
				49F02566151BAE280064F243 /* Self Control.png in Resources */,
				49F02567151BAE280064F243 /* Sensitivity:Compassion.png in Resources */,
				49F02568151BAE280064F243 /* Stress Management.png in Resources */,
				49F02569151BAE280064F243 /* Time Management.png in Resources */,
				49F0256A151BAE280064F243 /* Worry.png in Resources */,
				49F0256C151BB3CB0064F243 /* traits.plist in Resources */,
				492C78A3151BE67C00CFC087 /* star-blue256.png in Resources */,
				492C78A4151BE67C00CFC087 /* star-gold256.png in Resources */,
				492C78A5151BE67C00CFC087 /* star-red256.png in Resources */,
				492C78A6151BE67C00CFC087 /* star-white256.png in Resources */,
				491D1DF5151D3FB9001F11AC /* logo.png in Resources */,
				491D1DF6151D3FB9001F11AC /* SplashFinal.jpg in Resources */,
				49347F8E151FBA7500EB705B /* apprentice.png in Resources */,
				491972031527CB1200FDB1E2 /* FBDialog.bundle in Resources */,
			);
			runOnlyForDeploymentPostprocessing = 0;
		};
/* End PBXResourcesBuildPhase section */

/* Begin PBXSourcesBuildPhase section */
		49C28FB3151965B400AD1396 /* Sources */ = {
			isa = PBXSourcesBuildPhase;
			buildActionMask = 2147483647;
			files = (
				49C28FC8151965B500AD1396 /* main.m in Sources */,
				49C28FCC151965B500AD1396 /* AppDelegate.m in Sources */,
				49C28FD5151965B600AD1396 /* MainViewController.m in Sources */,
				49C28FD8151965B600AD1396 /* FlipsideViewController.m in Sources */,
				49C28FE0151971DD00AD1396 /* Trait.m in Sources */,
				49C28FE4151971F600AD1396 /* Entry.m in Sources */,
				49F024D6151B93220064F243 /* RatingViewController.m in Sources */,
				491D1DEF151D3697001F11AC /* LoginViewController.m in Sources */,
				496E5E40151D93F60041123E /* NoteViewController.m in Sources */,
				492F6EB815228292007B73C9 /* VisualizeViewController.m in Sources */,
			);
			runOnlyForDeploymentPostprocessing = 0;
		};
/* End PBXSourcesBuildPhase section */

/* Begin PBXVariantGroup section */
		49C28FC4151965B500AD1396 /* InfoPlist.strings */ = {
			isa = PBXVariantGroup;
			children = (
				49C28FC5151965B500AD1396 /* en */,
			);
			name = InfoPlist.strings;
			sourceTree = "<group>";
		};
		49C28FCD151965B600AD1396 /* MainStoryboard_iPhone.storyboard */ = {
			isa = PBXVariantGroup;
			children = (
				49C28FCE151965B600AD1396 /* en */,
			);
			name = MainStoryboard_iPhone.storyboard;
			sourceTree = "<group>";
		};
		49C28FD0151965B600AD1396 /* MainStoryboard_iPad.storyboard */ = {
			isa = PBXVariantGroup;
			children = (
				49C28FD1151965B600AD1396 /* en */,
			);
			name = MainStoryboard_iPad.storyboard;
			sourceTree = "<group>";
		};
/* End PBXVariantGroup section */

/* Begin XCBuildConfiguration section */
		49C28FD9151965B600AD1396 /* Debug */ = {
			isa = XCBuildConfiguration;
			buildSettings = {
				ALWAYS_SEARCH_USER_PATHS = NO;
				ARCHS = "$(ARCHS_STANDARD_32_BIT)";
				CLANG_ENABLE_OBJC_ARC = YES;
				"CODE_SIGN_IDENTITY[sdk=iphoneos*]" = "iPhone Developer";
				COPY_PHASE_STRIP = NO;
				GCC_C_LANGUAGE_STANDARD = gnu99;
				GCC_DYNAMIC_NO_PIC = NO;
				GCC_OPTIMIZATION_LEVEL = 0;
				GCC_PREPROCESSOR_DEFINITIONS = (
					"DEBUG=1",
					"$(inherited)",
				);
				GCC_SYMBOLS_PRIVATE_EXTERN = NO;
				GCC_VERSION = com.apple.compilers.llvm.clang.1_0;
				GCC_WARN_ABOUT_RETURN_TYPE = YES;
				GCC_WARN_UNINITIALIZED_AUTOS = YES;
				GCC_WARN_UNUSED_VARIABLE = YES;
				IPHONEOS_DEPLOYMENT_TARGET = 5.1;
				SDKROOT = iphoneos;
				TARGETED_DEVICE_FAMILY = "1,2";
			};
			name = Debug;
		};
		49C28FDA151965B600AD1396 /* Release */ = {
			isa = XCBuildConfiguration;
			buildSettings = {
				ALWAYS_SEARCH_USER_PATHS = NO;
				ARCHS = "$(ARCHS_STANDARD_32_BIT)";
				CLANG_ENABLE_OBJC_ARC = YES;
				"CODE_SIGN_IDENTITY[sdk=iphoneos*]" = "iPhone Developer";
				COPY_PHASE_STRIP = YES;
				GCC_C_LANGUAGE_STANDARD = gnu99;
				GCC_VERSION = com.apple.compilers.llvm.clang.1_0;
				GCC_WARN_ABOUT_RETURN_TYPE = YES;
				GCC_WARN_UNINITIALIZED_AUTOS = YES;
				GCC_WARN_UNUSED_VARIABLE = YES;
				IPHONEOS_DEPLOYMENT_TARGET = 5.1;
				OTHER_CFLAGS = "-DNS_BLOCK_ASSERTIONS=1";
				SDKROOT = iphoneos;
				TARGETED_DEVICE_FAMILY = "1,2";
				VALIDATE_PRODUCT = YES;
			};
			name = Release;
		};
		49C28FDC151965B600AD1396 /* Debug */ = {
			isa = XCBuildConfiguration;
			buildSettings = {
				GCC_PRECOMPILE_PREFIX_HEADER = YES;
				GCC_PREFIX_HEADER = "Mobile Mentch/Mobile Mentch-Prefix.pch";
				INFOPLIST_FILE = "Mobile Mentch/Mobile Mentch-Info.plist";
				LIBRARY_SEARCH_PATHS = (
					"$(inherited)",
					"\"$(SRCROOT)/Mobile Mentch/facebook-ios-sdk\"",
				);
				PRODUCT_NAME = "$(TARGET_NAME)";
				WRAPPER_EXTENSION = app;
			};
			name = Debug;
		};
		49C28FDD151965B600AD1396 /* Release */ = {
			isa = XCBuildConfiguration;
			buildSettings = {
				GCC_PRECOMPILE_PREFIX_HEADER = YES;
				GCC_PREFIX_HEADER = "Mobile Mentch/Mobile Mentch-Prefix.pch";
				INFOPLIST_FILE = "Mobile Mentch/Mobile Mentch-Info.plist";
				LIBRARY_SEARCH_PATHS = (
					"$(inherited)",
					"\"$(SRCROOT)/Mobile Mentch/facebook-ios-sdk\"",
				);
				PRODUCT_NAME = "$(TARGET_NAME)";
				WRAPPER_EXTENSION = app;
			};
			name = Release;
		};
/* End XCBuildConfiguration section */

/* Begin XCConfigurationList section */
		49C28FB1151965AB00AD1396 /* Build configuration list for PBXProject "Mobile Mentch" */ = {
			isa = XCConfigurationList;
			buildConfigurations = (
				49C28FD9151965B600AD1396 /* Debug */,
				49C28FDA151965B600AD1396 /* Release */,
			);
			defaultConfigurationIsVisible = 0;
			defaultConfigurationName = Release;
		};
		49C28FDB151965B600AD1396 /* Build configuration list for PBXNativeTarget "Mobile Mentch" */ = {
			isa = XCConfigurationList;
			buildConfigurations = (
				49C28FDC151965B600AD1396 /* Debug */,
				49C28FDD151965B600AD1396 /* Release */,
			);
			defaultConfigurationIsVisible = 0;
			defaultConfigurationName = Release;
		};
/* End XCConfigurationList section */
	};
	rootObject = 49C28FAE151965AB00AD1396 /* Project object */;
}
